Microsoft Visual Studio Solution File, Format Version 11.00
# Visual Studio 2008

Project("{7A375910-38E0-1C7F-0326-216FAAF71641}") = "tess0112_Lab3", "Assembly-CSharp.csproj", "{AC39E357-3F70-CC27-AB3C-85F934AAD9A5}"
EndProject
Global
	GlobalSection(SolutionConfigurationPlatforms) = preSolution
		Debug|Any CPU = Debug|Any CPU
		Release|Any CPU = Release|Any CPU
	EndGlobalSection
	GlobalSection(ProjectConfigurationPlatforms) = postSolution
		{AC39E357-3F70-CC27-AB3C-85F934AAD9A5}.Debug|Any CPU.ActiveCfg = Debug|Any CPU
		{AC39E357-3F70-CC27-AB3C-85F934AAD9A5}.Debug|Any CPU.Build.0 = Debug|Any CPU
		{AC39E357-3F70-CC27-AB3C-85F934AAD9A5}.Release|Any CPU.ActiveCfg = Release|Any CPU
		{AC39E357-3F70-CC27-AB3C-85F934AAD9A5}.Release|Any CPU.Build.0 = Release|Any CPU
	EndGlobalSection
	GlobalSection(SolutionProperties) = preSolution
		HideSolutionNode = FALSE
	EndGlobalSection
	GlobalSection(MonoDevelopProperties) = preSolution
		StartupItem = Assembly-CSharp.csproj
	EndGlobalSection
EndGlobal
